
Microsoft Visual Studio Solution File, Format Version 12.00
# Visual Studio Version 17
VisualStudioVersion = 17.5.33627.172
MinimumVisualStudioVersion = 10.0.40219.1
Project("{FAE04EC0-301F-11D3-BF4B-00C04F79EFBC}") = "ADMS", "ADMS\ADMS.csproj", "{7390A112-41B8-4FA2-B7AB-80E26286392D}"
EndProject
Global
	GlobalSection(SolutionConfigurationPlatforms) = preSolution
		Debug|Any CPU = Debug|Any CPU
		Release|Any CPU = Release|Any CPU
	EndGlobalSection
	GlobalSection(ProjectConfigurationPlatforms) = postSolution
		{7390A112-41B8-4FA2-B7AB-80E26286392D}.Debug|Any CPU.ActiveCfg = Debug|Any CPU
		{7390A112-41B8-4FA2-B7AB-80E26286392D}.Debug|Any CPU.Build.0 = Debug|Any CPU
		{7390A112-41B8-4FA2-B7AB-80E26286392D}.Release|Any CPU.ActiveCfg = Release|Any CPU
		{7390A112-41B8-4FA2-B7AB-80E26286392D}.Release|Any CPU.Build.0 = Release|Any CPU
	EndGlobalSection
	GlobalSection(SolutionProperties) = preSolution
		HideSolutionNode = FALSE
	EndGlobalSection
	GlobalSection(ExtensibilityGlobals) = postSolution
		SolutionGuid = {F67185EF-3EEC-420F-A664-25CCB5CBE170}
	EndGlobalSection
EndGlobal
